# @generated - this file is auto-generated by `mise lock` https://mise.jdx.dev/dev-tools/mise-lock.html

[[tools."cargo:emmylua_check"]]
version = "0.24.0"
backend = "cargo:emmylua_check"

[[tools."github:EmmyLuaLs/emmylua-analyzer-rust"]]
version = "0.24.0"
backend = "github:EmmyLuaLs/emmylua-analyzer-rust"

[tools."github:EmmyLuaLs/emmylua-analyzer-rust"."platforms.linux-arm64"]
checksum = "sha256:fd6e95fa2e403a514ee8f556a17a6b39bf1b82e083a4fe98370477852e26b383"
url = "https://github.com/EmmyLuaLs/emmylua-analyzer-rust/releases/download/0.24.0/luafmt-linux-aarch64-glibc.2.17.tar.gz"
url_api = "https://api.github.com/repos/EmmyLuaLs/emmylua-analyzer-rust/releases/assets/472470131"

[tools."github:EmmyLuaLs/emmylua-analyzer-rust"."platforms.linux-arm64-musl"]
checksum = "sha256:fd6e95fa2e403a514ee8f556a17a6b39bf1b82e083a4fe98370477852e26b383"
url = "https://github.com/EmmyLuaLs/emmylua-analyzer-rust/releases/download/0.24.0/luafmt-linux-aarch64-glibc.2.17.tar.gz"
url_api = "https://api.github.com/repos/EmmyLuaLs/emmylua-analyzer-rust/releases/assets/472470131"

[tools."github:EmmyLuaLs/emmylua-analyzer-rust"."platforms.linux-x64"]
checksum = "sha256:c6a0028a79213d153968c1babd90be3957ce9b997076d117e1b35e90f99692a8"
url = "https://github.com/EmmyLuaLs/emmylua-analyzer-rust/releases/download/0.24.0/luafmt-linux-x64-glibc.2.17.tar.gz"
url_api = "https://api.github.com/repos/EmmyLuaLs/emmylua-analyzer-rust/releases/assets/472470136"

[tools."github:EmmyLuaLs/emmylua-analyzer-rust"."platforms.linux-x64-musl"]
checksum = "sha256:85eb9694ce6aa41dc78a5dfde401a1ffeaecc06eabb2e60c6284ea10d8ce15fd"
url = "https://github.com/EmmyLuaLs/emmylua-analyzer-rust/releases/download/0.24.0/luafmt-linux-x64.tar.gz"
url_api = "https://api.github.com/repos/EmmyLuaLs/emmylua-analyzer-rust/releases/assets/472470114"

[tools."github:EmmyLuaLs/emmylua-analyzer-rust"."platforms.macos-arm64"]
checksum = "sha256:1a1708b91ba8cef8a152c85d1f1deda416092a05a80166469967d75fc2348bbb"
url = "https://github.com/EmmyLuaLs/emmylua-analyzer-rust/releases/download/0.24.0/luafmt-darwin-arm64.tar.gz"
url_api = "https://api.github.com/repos/EmmyLuaLs/emmylua-analyzer-rust/releases/assets/472470124"

[tools."github:EmmyLuaLs/emmylua-analyzer-rust"."platforms.macos-x64"]
checksum = "sha256:0a59e99e71d0a5409227f8c9a24d2959f7af612caa4b98f0fb822e36c9759ba7"
url = "https://github.com/EmmyLuaLs/emmylua-analyzer-rust/releases/download/0.24.0/luafmt-darwin-x64.tar.gz"
url_api = "https://api.github.com/repos/EmmyLuaLs/emmylua-analyzer-rust/releases/assets/472470129"

[tools."github:EmmyLuaLs/emmylua-analyzer-rust"."platforms.windows-x64"]
checksum = "sha256:69063e87e2337214321cb701da261461231bc6d889ebb6693b52b5019f7d9708"
url = "https://github.com/EmmyLuaLs/emmylua-analyzer-rust/releases/download/0.24.0/luafmt-win32-x64.zip"
url_api = "https://api.github.com/repos/EmmyLuaLs/emmylua-analyzer-rust/releases/assets/472470107"
